
Microsoft Visual Studio Solution File, Format Version 12.00
# Visual Studio Version 16
VisualStudioVersion = 16.0.29519.87
MinimumVisualStudioVersion = 10.0.40219.1
Project("{FAE04EC0-301F-11D3-BF4B-00C04F79EFBC}") = "InventorySystem", "InventorySystem\InventorySystem.csproj", "{D43084F0-3851-459B-95C6-297EDC25EAB2}"
EndProject
Global
	GlobalSection(SolutionConfigurationPlatforms) = preSolution
		Debug|Any CPU = Debug|Any CPU
		Release|Any CPU = Release|Any CPU
	EndGlobalSection
	GlobalSection(ProjectConfigurationPlatforms) = postSolution
		{D43084F0-3851-459B-95C6-297EDC25EAB2}.Debug|Any CPU.ActiveCfg = Debug|Any CPU
		{D43084F0-3851-459B-95C6-297EDC25EAB2}.Debug|Any CPU.Build.0 = Debug|Any CPU
		{D43084F0-3851-459B-95C6-297EDC25EAB2}.Release|Any CPU.ActiveCfg = Release|Any CPU
		{D43084F0-3851-459B-95C6-297EDC25EAB2}.Release|Any CPU.Build.0 = Release|Any CPU
	EndGlobalSection
	GlobalSection(SolutionProperties) = preSolution
		HideSolutionNode = FALSE
	EndGlobalSection
	GlobalSection(ExtensibilityGlobals) = postSolution
		SolutionGuid = {F38E1726-5433-4C87-8620-73801CE9CC96}
	EndGlobalSection
EndGlobal
